
Microsoft Visual Studio Solution File, Format Version 12.00
# Visual Studio 14
VisualStudioVersion = 14.0.25420.1
MinimumVisualStudioVersion = 10.0.40219.1
Project("{FAE04EC0-301F-11D3-BF4B-00C04F79EFBC}") = "DataTips", "DataTips\DataTips.csproj", "{2C05577B-A5BC-4F17-BC97-72A1D58F39DF}"
EndProject
Global
	GlobalSection(SolutionConfigurationPlatforms) = preSolution
		Debug|Any CPU = Debug|Any CPU
		Debug|x86 = Debug|x86
		Release|Any CPU = Release|Any CPU
		Release|x86 = Release|x86
	EndGlobalSection
	GlobalSection(ProjectConfigurationPlatforms) = postSolution
		{2C05577B-A5BC-4F17-BC97-72A1D58F39DF}.Debug|Any CPU.ActiveCfg = Debug|Any CPU
		{2C05577B-A5BC-4F17-BC97-72A1D58F39DF}.Debug|Any CPU.Build.0 = Debug|Any CPU
		{2C05577B-A5BC-4F17-BC97-72A1D58F39DF}.Debug|x86.ActiveCfg = Debug|Any CPU
		{2C05577B-A5BC-4F17-BC97-72A1D58F39DF}.Debug|x86.Build.0 = Debug|Any CPU
		{2C05577B-A5BC-4F17-BC97-72A1D58F39DF}.Release|Any CPU.ActiveCfg = Release|Any CPU
		{2C05577B-A5BC-4F17-BC97-72A1D58F39DF}.Release|Any CPU.Build.0 = Release|Any CPU
		{2C05577B-A5BC-4F17-BC97-72A1D58F39DF}.Release|x86.ActiveCfg = Release|Any CPU
		{2C05577B-A5BC-4F17-BC97-72A1D58F39DF}.Release|x86.Build.0 = Release|Any CPU
	EndGlobalSection
	GlobalSection(SolutionProperties) = preSolution
		HideSolutionNode = FALSE
	EndGlobalSection
EndGlobal
