
Microsoft Visual Studio Solution File, Format Version 12.00
# Visual Studio 14
VisualStudioVersion = 14.0.25420.1
MinimumVisualStudioVersion = 10.0.40219.1
Project("{FAE04EC0-301F-11D3-BF4B-00C04F79EFBC}") = "ConsoleApp", "ConsoleApp\ConsoleApp.csproj", "{7F6E3C34-2327-4371-B273-81C73F6B43FD}"
EndProject
Project("{FAE04EC0-301F-11D3-BF4B-00C04F79EFBC}") = "WpfApp", "WpfApp\WpfApp.csproj", "{C7E151BF-9638-41A1-951B-4A56643D87F2}"
EndProject
Global
	GlobalSection(SolutionConfigurationPlatforms) = preSolution
		Debug|Any CPU = Debug|Any CPU
		Release|Any CPU = Release|Any CPU
	EndGlobalSection
	GlobalSection(ProjectConfigurationPlatforms) = postSolution
		{7F6E3C34-2327-4371-B273-81C73F6B43FD}.Debug|Any CPU.ActiveCfg = Debug|Any CPU
		{7F6E3C34-2327-4371-B273-81C73F6B43FD}.Debug|Any CPU.Build.0 = Debug|Any CPU
		{7F6E3C34-2327-4371-B273-81C73F6B43FD}.Release|Any CPU.ActiveCfg = Release|Any CPU
		{7F6E3C34-2327-4371-B273-81C73F6B43FD}.Release|Any CPU.Build.0 = Release|Any CPU
		{C7E151BF-9638-41A1-951B-4A56643D87F2}.Debug|Any CPU.ActiveCfg = Debug|Any CPU
		{C7E151BF-9638-41A1-951B-4A56643D87F2}.Debug|Any CPU.Build.0 = Debug|Any CPU
		{C7E151BF-9638-41A1-951B-4A56643D87F2}.Release|Any CPU.ActiveCfg = Release|Any CPU
		{C7E151BF-9638-41A1-951B-4A56643D87F2}.Release|Any CPU.Build.0 = Release|Any CPU
	EndGlobalSection
	GlobalSection(SolutionProperties) = preSolution
		HideSolutionNode = FALSE
	EndGlobalSection
EndGlobal
