
Microsoft Visual Studio Solution File, Format Version 12.00
# Visual Studio 14
VisualStudioVersion = 14.0.25420.1
MinimumVisualStudioVersion = 10.0.40219.1
Project("{FAE04EC0-301F-11D3-BF4B-00C04F79EFBC}") = "ConsoleApp", "ConsoleApp\ConsoleApp.csproj", "{7F6E3C34-2327-4371-B273-81C73F6B43FD}"
EndProject
Project("{FAE04EC0-301F-11D3-BF4B-00C04F79EFBC}") = "NameGeneratorLib", "NameGeneratorLib\NameGeneratorLib.csproj", "{AA8F8048-6B20-48B4-A976-EADED8674226}"
EndProject
Project("{F184B08F-C81C-45F6-A57F-5ABD9991F28F}") = "WindowsFormsApp", "WindowsFormsApp\WindowsFormsApp.vbproj", "{12CAC87D-AF42-48C1-9DBE-AA18BA8FEAAF}"
EndProject
Project("{2150E333-8FDC-42A3-9474-1A3956D46DE8}") = "Tip027-MemorizeWindowLayout", "Tip027-MemorizeWindowLayout", "{12C4A60E-8084-4A7D-834E-4F28841DDF79}"
EndProject
Global
	GlobalSection(SolutionConfigurationPlatforms) = preSolution
		Debug|Any CPU = Debug|Any CPU
		Debug|ARM = Debug|ARM
		Debug|x64 = Debug|x64
		Debug|x86 = Debug|x86
		Release|Any CPU = Release|Any CPU
		Release|ARM = Release|ARM
		Release|x64 = Release|x64
		Release|x86 = Release|x86
	EndGlobalSection
	GlobalSection(ProjectConfigurationPlatforms) = postSolution
		{7F6E3C34-2327-4371-B273-81C73F6B43FD}.Debug|Any CPU.ActiveCfg = Debug|Any CPU
		{7F6E3C34-2327-4371-B273-81C73F6B43FD}.Debug|Any CPU.Build.0 = Debug|Any CPU
		{7F6E3C34-2327-4371-B273-81C73F6B43FD}.Debug|ARM.ActiveCfg = Debug|Any CPU
		{7F6E3C34-2327-4371-B273-81C73F6B43FD}.Debug|ARM.Build.0 = Debug|Any CPU
		{7F6E3C34-2327-4371-B273-81C73F6B43FD}.Debug|x64.ActiveCfg = Debug|Any CPU
		{7F6E3C34-2327-4371-B273-81C73F6B43FD}.Debug|x64.Build.0 = Debug|Any CPU
		{7F6E3C34-2327-4371-B273-81C73F6B43FD}.Debug|x86.ActiveCfg = Debug|Any CPU
		{7F6E3C34-2327-4371-B273-81C73F6B43FD}.Debug|x86.Build.0 = Debug|Any CPU
		{7F6E3C34-2327-4371-B273-81C73F6B43FD}.Release|Any CPU.ActiveCfg = Release|Any CPU
		{7F6E3C34-2327-4371-B273-81C73F6B43FD}.Release|Any CPU.Build.0 = Release|Any CPU
		{7F6E3C34-2327-4371-B273-81C73F6B43FD}.Release|ARM.ActiveCfg = Release|Any CPU
		{7F6E3C34-2327-4371-B273-81C73F6B43FD}.Release|ARM.Build.0 = Release|Any CPU
		{7F6E3C34-2327-4371-B273-81C73F6B43FD}.Release|x64.ActiveCfg = Release|Any CPU
		{7F6E3C34-2327-4371-B273-81C73F6B43FD}.Release|x64.Build.0 = Release|Any CPU
		{7F6E3C34-2327-4371-B273-81C73F6B43FD}.Release|x86.ActiveCfg = Release|Any CPU
		{7F6E3C34-2327-4371-B273-81C73F6B43FD}.Release|x86.Build.0 = Release|Any CPU
		{AA8F8048-6B20-48B4-A976-EADED8674226}.Debug|Any CPU.ActiveCfg = Debug|Any CPU
		{AA8F8048-6B20-48B4-A976-EADED8674226}.Debug|Any CPU.Build.0 = Debug|Any CPU
		{AA8F8048-6B20-48B4-A976-EADED8674226}.Debug|ARM.ActiveCfg = Debug|Any CPU
		{AA8F8048-6B20-48B4-A976-EADED8674226}.Debug|ARM.Build.0 = Debug|Any CPU
		{AA8F8048-6B20-48B4-A976-EADED8674226}.Debug|x64.ActiveCfg = Debug|Any CPU
		{AA8F8048-6B20-48B4-A976-EADED8674226}.Debug|x64.Build.0 = Debug|Any CPU
		{AA8F8048-6B20-48B4-A976-EADED8674226}.Debug|x86.ActiveCfg = Debug|Any CPU
		{AA8F8048-6B20-48B4-A976-EADED8674226}.Debug|x86.Build.0 = Debug|Any CPU
		{AA8F8048-6B20-48B4-A976-EADED8674226}.Release|Any CPU.ActiveCfg = Release|Any CPU
		{AA8F8048-6B20-48B4-A976-EADED8674226}.Release|Any CPU.Build.0 = Release|Any CPU
		{AA8F8048-6B20-48B4-A976-EADED8674226}.Release|ARM.ActiveCfg = Release|Any CPU
		{AA8F8048-6B20-48B4-A976-EADED8674226}.Release|ARM.Build.0 = Release|Any CPU
		{AA8F8048-6B20-48B4-A976-EADED8674226}.Release|x64.ActiveCfg = Release|Any CPU
		{AA8F8048-6B20-48B4-A976-EADED8674226}.Release|x64.Build.0 = Release|Any CPU
		{AA8F8048-6B20-48B4-A976-EADED8674226}.Release|x86.ActiveCfg = Release|Any CPU
		{AA8F8048-6B20-48B4-A976-EADED8674226}.Release|x86.Build.0 = Release|Any CPU
		{12CAC87D-AF42-48C1-9DBE-AA18BA8FEAAF}.Debug|Any CPU.ActiveCfg = Debug|Any CPU
		{12CAC87D-AF42-48C1-9DBE-AA18BA8FEAAF}.Debug|Any CPU.Build.0 = Debug|Any CPU
		{12CAC87D-AF42-48C1-9DBE-AA18BA8FEAAF}.Debug|ARM.ActiveCfg = Debug|Any CPU
		{12CAC87D-AF42-48C1-9DBE-AA18BA8FEAAF}.Debug|ARM.Build.0 = Debug|Any CPU
		{12CAC87D-AF42-48C1-9DBE-AA18BA8FEAAF}.Debug|x64.ActiveCfg = Debug|Any CPU
		{12CAC87D-AF42-48C1-9DBE-AA18BA8FEAAF}.Debug|x64.Build.0 = Debug|Any CPU
		{12CAC87D-AF42-48C1-9DBE-AA18BA8FEAAF}.Debug|x86.ActiveCfg = Debug|Any CPU
		{12CAC87D-AF42-48C1-9DBE-AA18BA8FEAAF}.Debug|x86.Build.0 = Debug|Any CPU
		{12CAC87D-AF42-48C1-9DBE-AA18BA8FEAAF}.Release|Any CPU.ActiveCfg = Release|Any CPU
		{12CAC87D-AF42-48C1-9DBE-AA18BA8FEAAF}.Release|Any CPU.Build.0 = Release|Any CPU
		{12CAC87D-AF42-48C1-9DBE-AA18BA8FEAAF}.Release|ARM.ActiveCfg = Release|Any CPU
		{12CAC87D-AF42-48C1-9DBE-AA18BA8FEAAF}.Release|ARM.Build.0 = Release|Any CPU
		{12CAC87D-AF42-48C1-9DBE-AA18BA8FEAAF}.Release|x64.ActiveCfg = Release|Any CPU
		{12CAC87D-AF42-48C1-9DBE-AA18BA8FEAAF}.Release|x64.Build.0 = Release|Any CPU
		{12CAC87D-AF42-48C1-9DBE-AA18BA8FEAAF}.Release|x86.ActiveCfg = Release|Any CPU
		{12CAC87D-AF42-48C1-9DBE-AA18BA8FEAAF}.Release|x86.Build.0 = Release|Any CPU
	EndGlobalSection
	GlobalSection(SolutionProperties) = preSolution
		HideSolutionNode = FALSE
	EndGlobalSection
EndGlobal
